// !$*UTF8*$!
{
	archiveVersion = 1;
	classes = {
	};
	objectVersion = 55;
	objects = {

/* Begin PBXBuildFile section */
		7921985D282F272B00DEA3D2 /* notificaApp.swift in Sources */ = {isa = PBXBuildFile; fileRef = 7921985C282F272B00DEA3D2 /* notificaApp.swift */; };
		7921985F282F272B00DEA3D2 /* MainView.swift in Sources */ = {isa = PBXBuildFile; fileRef = 7921985E282F272B00DEA3D2 /* MainView.swift */; };
		79219861282F272C00DEA3D2 /* Assets.xcassets in Resources */ = {isa = PBXBuildFile; fileRef = 79219860282F272C00DEA3D2 /* Assets.xcassets */; };
		79219864282F272C00DEA3D2 /* Preview Assets.xcassets in Resources */ = {isa = PBXBuildFile; fileRef = 79219863282F272C00DEA3D2 /* Preview Assets.xcassets */; };
		7921986C282F27B600DEA3D2 /* PontoView.swift in Sources */ = {isa = PBXBuildFile; fileRef = 7921986B282F27B600DEA3D2 /* PontoView.swift */; };
		7921986E282F27C300DEA3D2 /* PickerView.swift in Sources */ = {isa = PBXBuildFile; fileRef = 7921986D282F27C300DEA3D2 /* PickerView.swift */; };
		7978791D283074840074B2A5 /* CustomColors.swift in Sources */ = {isa = PBXBuildFile; fileRef = 7978791C283074840074B2A5 /* CustomColors.swift */; };
		79787920283089050074B2A5 /* CustomTabBar.swift in Sources */ = {isa = PBXBuildFile; fileRef = 7978791F283089050074B2A5 /* CustomTabBar.swift */; };
		79B7F16928330F6C001DE585 /* ValidateTextField.swift in Sources */ = {isa = PBXBuildFile; fileRef = 79B7F16828330F6C001DE585 /* ValidateTextField.swift */; };
		79DB318A2832F41200B458CC /* AppController.swift in Sources */ = {isa = PBXBuildFile; fileRef = 79DB31892832F41200B458CC /* AppController.swift */; };
/* End PBXBuildFile section */

/* Begin PBXFileReference section */
		79219859282F272B00DEA3D2 /* notifica.app */ = {isa = PBXFileReference; explicitFileType = wrapper.application; includeInIndex = 0; path = notifica.app; sourceTree = BUILT_PRODUCTS_DIR; };
		7921985C282F272B00DEA3D2 /* notificaApp.swift */ = {isa = PBXFileReference; lastKnownFileType = sourcecode.swift; path = notificaApp.swift; sourceTree = "<group>"; };
		7921985E282F272B00DEA3D2 /* MainView.swift */ = {isa = PBXFileReference; lastKnownFileType = sourcecode.swift; path = MainView.swift; sourceTree = "<group>"; };
		79219860282F272C00DEA3D2 /* Assets.xcassets */ = {isa = PBXFileReference; lastKnownFileType = folder.assetcatalog; path = Assets.xcassets; sourceTree = "<group>"; };
		79219863282F272C00DEA3D2 /* Preview Assets.xcassets */ = {isa = PBXFileReference; lastKnownFileType = folder.assetcatalog; path = "Preview Assets.xcassets"; sourceTree = "<group>"; };
		7921986B282F27B600DEA3D2 /* PontoView.swift */ = {isa = PBXFileReference; lastKnownFileType = sourcecode.swift; path = PontoView.swift; sourceTree = "<group>"; };
		7921986D282F27C300DEA3D2 /* PickerView.swift */ = {isa = PBXFileReference; lastKnownFileType = sourcecode.swift; path = PickerView.swift; sourceTree = "<group>"; };
		7978791C283074840074B2A5 /* CustomColors.swift */ = {isa = PBXFileReference; lastKnownFileType = sourcecode.swift; path = CustomColors.swift; sourceTree = "<group>"; };
		7978791F283089050074B2A5 /* CustomTabBar.swift */ = {isa = PBXFileReference; lastKnownFileType = sourcecode.swift; path = CustomTabBar.swift; sourceTree = "<group>"; };
		79B7F16828330F6C001DE585 /* ValidateTextField.swift */ = {isa = PBXFileReference; lastKnownFileType = sourcecode.swift; path = ValidateTextField.swift; sourceTree = "<group>"; };
		79DB31892832F41200B458CC /* AppController.swift */ = {isa = PBXFileReference; lastKnownFileType = sourcecode.swift; path = AppController.swift; sourceTree = "<group>"; };
/* End PBXFileReference section */

/* Begin PBXFrameworksBuildPhase section */
		79219856282F272B00DEA3D2 /* Frameworks */ = {
			isa = PBXFrameworksBuildPhase;
			buildActionMask = 2147483647;
			files = (
			);
			runOnlyForDeploymentPostprocessing = 0;
		};
/* End PBXFrameworksBuildPhase section */

/* Begin PBXGroup section */
		79219850282F272A00DEA3D2 = {
			isa = PBXGroup;
			children = (
				7921985B282F272B00DEA3D2 /* notifica */,
				7921985A282F272B00DEA3D2 /* Products */,
			);
			sourceTree = "<group>";
		};
		7921985A282F272B00DEA3D2 /* Products */ = {
			isa = PBXGroup;
			children = (
				79219859282F272B00DEA3D2 /* notifica.app */,
			);
			name = Products;
			sourceTree = "<group>";
		};
		7921985B282F272B00DEA3D2 /* notifica */ = {
			isa = PBXGroup;
			children = (
				79219862282F272C00DEA3D2 /* Preview Content */,
				79219860282F272C00DEA3D2 /* Assets.xcassets */,
				7921985C282F272B00DEA3D2 /* notificaApp.swift */,
				79DB318B2832F41500B458CC /* ViewModels */,
				7921986A282F27A400DEA3D2 /* Views */,
				7978791E283074880074B2A5 /* Components */,
			);
			path = notifica;
			sourceTree = "<group>";
		};
		79219862282F272C00DEA3D2 /* Preview Content */ = {
			isa = PBXGroup;
			children = (
				79219863282F272C00DEA3D2 /* Preview Assets.xcassets */,
			);
			path = "Preview Content";
			sourceTree = "<group>";
		};
		7921986A282F27A400DEA3D2 /* Views */ = {
			isa = PBXGroup;
			children = (
				7921985E282F272B00DEA3D2 /* MainView.swift */,
				7921986B282F27B600DEA3D2 /* PontoView.swift */,
				7921986D282F27C300DEA3D2 /* PickerView.swift */,
			);
			path = Views;
			sourceTree = "<group>";
		};
		7978791E283074880074B2A5 /* Components */ = {
			isa = PBXGroup;
			children = (
				7978791C283074840074B2A5 /* CustomColors.swift */,
				7978791F283089050074B2A5 /* CustomTabBar.swift */,
				79B7F16828330F6C001DE585 /* ValidateTextField.swift */,
			);
			path = Components;
			sourceTree = "<group>";
		};
		79DB318B2832F41500B458CC /* ViewModels */ = {
			isa = PBXGroup;
			children = (
				79DB31892832F41200B458CC /* AppController.swift */,
			);
			path = ViewModels;
			sourceTree = "<group>";
		};
/* End PBXGroup section */

/* Begin PBXNativeTarget section */
		79219858282F272B00DEA3D2 /* notifica */ = {
			isa = PBXNativeTarget;
			buildConfigurationList = 79219867282F272C00DEA3D2 /* Build configuration list for PBXNativeTarget "notifica" */;
			buildPhases = (
				79219855282F272B00DEA3D2 /* Sources */,
				79219856282F272B00DEA3D2 /* Frameworks */,
				79219857282F272B00DEA3D2 /* Resources */,
			);
			buildRules = (
			);
			dependencies = (
			);
			name = notifica;
			productName = notifica;
			productReference = 79219859282F272B00DEA3D2 /* notifica.app */;
			productType = "com.apple.product-type.application";
		};
/* End PBXNativeTarget section */

/* Begin PBXProject section */
		79219851282F272A00DEA3D2 /* Project object */ = {
			isa = PBXProject;
			attributes = {
				BuildIndependentTargetsInParallel = 1;
				LastSwiftUpdateCheck = 1330;
				LastUpgradeCheck = 1330;
				TargetAttributes = {
					79219858282F272B00DEA3D2 = {
						CreatedOnToolsVersion = 13.3.1;
					};
				};
			};
			buildConfigurationList = 79219854282F272A00DEA3D2 /* Build configuration list for PBXProject "notifica" */;
			compatibilityVersion = "Xcode 13.0";
			developmentRegion = en;
			hasScannedForEncodings = 0;
			knownRegions = (
				en,
				Base,
			);
			mainGroup = 79219850282F272A00DEA3D2;
			productRefGroup = 7921985A282F272B00DEA3D2 /* Products */;
			projectDirPath = "";
			projectRoot = "";
			targets = (
				79219858282F272B00DEA3D2 /* notifica */,
			);
		};
/* End PBXProject section */

/* Begin PBXResourcesBuildPhase section */
		79219857282F272B00DEA3D2 /* Resources */ = {
			isa = PBXResourcesBuildPhase;
			buildActionMask = 2147483647;
			files = (
				79219864282F272C00DEA3D2 /* Preview Assets.xcassets in Resources */,
				79219861282F272C00DEA3D2 /* Assets.xcassets in Resources */,
			);
			runOnlyForDeploymentPostprocessing = 0;
		};
/* End PBXResourcesBuildPhase section */

/* Begin PBXSourcesBuildPhase section */
		79219855282F272B00DEA3D2 /* Sources */ = {
			isa = PBXSourcesBuildPhase;
			buildActionMask = 2147483647;
			files = (
				7921986E282F27C300DEA3D2 /* PickerView.swift in Sources */,
				7978791D283074840074B2A5 /* CustomColors.swift in Sources */,
				7921985F282F272B00DEA3D2 /* MainView.swift in Sources */,
				7921986C282F27B600DEA3D2 /* PontoView.swift in Sources */,
				7921985D282F272B00DEA3D2 /* notificaApp.swift in Sources */,
				79B7F16928330F6C001DE585 /* ValidateTextField.swift in Sources */,
				79787920283089050074B2A5 /* CustomTabBar.swift in Sources */,
				79DB318A2832F41200B458CC /* AppController.swift in Sources */,
			);
			runOnlyForDeploymentPostprocessing = 0;
		};
/* End PBXSourcesBuildPhase section */

/* Begin XCBuildConfiguration section */
		79219865282F272C00DEA3D2 /* Debug */ = {
			isa = XCBuildConfiguration;
			buildSettings = {
				ALWAYS_SEARCH_USER_PATHS = NO;
				CLANG_ANALYZER_NONNULL = YES;
				CLANG_ANALYZER_NUMBER_OBJECT_CONVERSION = YES_AGGRESSIVE;
				CLANG_CXX_LANGUAGE_STANDARD = "gnu++17";
				CLANG_ENABLE_MODULES = YES;
				CLANG_ENABLE_OBJC_ARC = YES;
				CLANG_ENABLE_OBJC_WEAK = YES;
				CLANG_WARN_BLOCK_CAPTURE_AUTORELEASING = YES;
				CLANG_WARN_BOOL_CONVERSION = YES;
				CLANG_WARN_COMMA = YES;
				CLANG_WARN_CONSTANT_CONVERSION = YES;
				CLANG_WARN_DEPRECATED_OBJC_IMPLEMENTATIONS = YES;
				CLANG_WARN_DIRECT_OBJC_ISA_USAGE = YES_ERROR;
				CLANG_WARN_DOCUMENTATION_COMMENTS = YES;
				CLANG_WARN_EMPTY_BODY = YES;
				CLANG_WARN_ENUM_CONVERSION = YES;
				CLANG_WARN_INFINITE_RECURSION = YES;
				CLANG_WARN_INT_CONVERSION = YES;
				CLANG_WARN_NON_LITERAL_NULL_CONVERSION = YES;
				CLANG_WARN_OBJC_IMPLICIT_RETAIN_SELF = YES;
				CLANG_WARN_OBJC_LITERAL_CONVERSION = YES;
				CLANG_WARN_OBJC_ROOT_CLASS = YES_ERROR;
				CLANG_WARN_QUOTED_INCLUDE_IN_FRAMEWORK_HEADER = YES;
				CLANG_WARN_RANGE_LOOP_ANALYSIS = YES;
				CLANG_WARN_STRICT_PROTOTYPES = YES;
				CLANG_WARN_SUSPICIOUS_MOVE = YES;
				CLANG_WARN_UNGUARDED_AVAILABILITY = YES_AGGRESSIVE;
				CLANG_WARN_UNREACHABLE_CODE = YES;
				CLANG_WARN__DUPLICATE_METHOD_MATCH = YES;
				COPY_PHASE_STRIP = NO;
				DEBUG_INFORMATION_FORMAT = dwarf;
				ENABLE_STRICT_OBJC_MSGSEND = YES;
				ENABLE_TESTABILITY = YES;
				GCC_C_LANGUAGE_STANDARD = gnu11;
				GCC_DYNAMIC_NO_PIC = NO;
				GCC_NO_COMMON_BLOCKS = YES;
				GCC_OPTIMIZATION_LEVEL = 0;
				GCC_PREPROCESSOR_DEFINITIONS = (
					"DEBUG=1",
					"$(inherited)",
				);
				GCC_WARN_64_TO_32_BIT_CONVERSION = YES;
				GCC_WARN_ABOUT_RETURN_TYPE = YES_ERROR;
				GCC_WARN_UNDECLARED_SELECTOR = YES;
				GCC_WARN_UNINITIALIZED_AUTOS = YES_AGGRESSIVE;
				GCC_WARN_UNUSED_FUNCTION = YES;
				GCC_WARN_UNUSED_VARIABLE = YES;
				IPHONEOS_DEPLOYMENT_TARGET = 15.4;
				MTL_ENABLE_DEBUG_INFO = INCLUDE_SOURCE;
				MTL_FAST_MATH = YES;
				ONLY_ACTIVE_ARCH = YES;
				SDKROOT = iphoneos;
				SWIFT_ACTIVE_COMPILATION_CONDITIONS = DEBUG;
				SWIFT_OPTIMIZATION_LEVEL = "-Onone";
			};
			name = Debug;
		};
		79219866282F272C00DEA3D2 /* Release */ = {
			isa = XCBuildConfiguration;
			buildSettings = {
				ALWAYS_SEARCH_USER_PATHS = NO;
				CLANG_ANALYZER_NONNULL = YES;
				CLANG_ANALYZER_NUMBER_OBJECT_CONVERSION = YES_AGGRESSIVE;
				CLANG_CXX_LANGUAGE_STANDARD = "gnu++17";
				CLANG_ENABLE_MODULES = YES;
				CLANG_ENABLE_OBJC_ARC = YES;
				CLANG_ENABLE_OBJC_WEAK = YES;
				CLANG_WARN_BLOCK_CAPTURE_AUTORELEASING = YES;
				CLANG_WARN_BOOL_CONVERSION = YES;
				CLANG_WARN_COMMA = YES;
				CLANG_WARN_CONSTANT_CONVERSION = YES;
				CLANG_WARN_DEPRECATED_OBJC_IMPLEMENTATIONS = YES;
				CLANG_WARN_DIRECT_OBJC_ISA_USAGE = YES_ERROR;
				CLANG_WARN_DOCUMENTATION_COMMENTS = YES;
				CLANG_WARN_EMPTY_BODY = YES;
				CLANG_WARN_ENUM_CONVERSION = YES;
				CLANG_WARN_INFINITE_RECURSION = YES;
				CLANG_WARN_INT_CONVERSION = YES;
				CLANG_WARN_NON_LITERAL_NULL_CONVERSION = YES;
				CLANG_WARN_OBJC_IMPLICIT_RETAIN_SELF = YES;
				CLANG_WARN_OBJC_LITERAL_CONVERSION = YES;
				CLANG_WARN_OBJC_ROOT_CLASS = YES_ERROR;
				CLANG_WARN_QUOTED_INCLUDE_IN_FRAMEWORK_HEADER = YES;
				CLANG_WARN_RANGE_LOOP_ANALYSIS = YES;
				CLANG_WARN_STRICT_PROTOTYPES = YES;
				CLANG_WARN_SUSPICIOUS_MOVE = YES;
				CLANG_WARN_UNGUARDED_AVAILABILITY = YES_AGGRESSIVE;
				CLANG_WARN_UNREACHABLE_CODE = YES;
				CLANG_WARN__DUPLICATE_METHOD_MATCH = YES;
				COPY_PHASE_STRIP = NO;
				DEBUG_INFORMATION_FORMAT = "dwarf-with-dsym";
				ENABLE_NS_ASSERTIONS = NO;
				ENABLE_STRICT_OBJC_MSGSEND = YES;
				GCC_C_LANGUAGE_STANDARD = gnu11;
				GCC_NO_COMMON_BLOCKS = YES;
				GCC_WARN_64_TO_32_BIT_CONVERSION = YES;
				GCC_WARN_ABOUT_RETURN_TYPE = YES_ERROR;
				GCC_WARN_UNDECLARED_SELECTOR = YES;
				GCC_WARN_UNINITIALIZED_AUTOS = YES_AGGRESSIVE;
				GCC_WARN_UNUSED_FUNCTION = YES;
				GCC_WARN_UNUSED_VARIABLE = YES;
				IPHONEOS_DEPLOYMENT_TARGET = 15.4;
				MTL_ENABLE_DEBUG_INFO = NO;
				MTL_FAST_MATH = YES;
				SDKROOT = iphoneos;
				SWIFT_COMPILATION_MODE = wholemodule;
				SWIFT_OPTIMIZATION_LEVEL = "-O";
				VALIDATE_PRODUCT = YES;
			};
			name = Release;
		};
		79219868282F272C00DEA3D2 /* Debug */ = {
			isa = XCBuildConfiguration;
			buildSettings = {
				ASSETCATALOG_COMPILER_APPICON_NAME = AppIcon;
				ASSETCATALOG_COMPILER_GLOBAL_ACCENT_COLOR_NAME = AccentColor;
				CODE_SIGN_STYLE = Automatic;
				CURRENT_PROJECT_VERSION = 1;
				DEVELOPMENT_ASSET_PATHS = "\"notifica/Preview Content\"";
				DEVELOPMENT_TEAM = 73WHW284SL;
				ENABLE_PREVIEWS = YES;
				GENERATE_INFOPLIST_FILE = YES;
				INFOPLIST_KEY_UIApplicationSceneManifest_Generation = YES;
				INFOPLIST_KEY_UIApplicationSupportsIndirectInputEvents = YES;
				INFOPLIST_KEY_UILaunchScreen_Generation = YES;
				INFOPLIST_KEY_UISupportedInterfaceOrientations_iPad = "UIInterfaceOrientationPortrait UIInterfaceOrientationPortraitUpsideDown UIInterfaceOrientationLandscapeLeft UIInterfaceOrientationLandscapeRight";
				INFOPLIST_KEY_UISupportedInterfaceOrientations_iPhone = "UIInterfaceOrientationPortrait UIInterfaceOrientationLandscapeLeft UIInterfaceOrientationLandscapeRight";
				LD_RUNPATH_SEARCH_PATHS = (
					"$(inherited)",
					"@executable_path/Frameworks",
				);
				MARKETING_VERSION = 1.0;
				PRODUCT_BUNDLE_IDENTIFIER = com.diegomontejano.notifica;
				PRODUCT_NAME = "$(TARGET_NAME)";
				SWIFT_EMIT_LOC_STRINGS = YES;
				SWIFT_VERSION = 5.0;
				TARGETED_DEVICE_FAMILY = "1,2";
			};
			name = Debug;
		};
		79219869282F272C00DEA3D2 /* Release */ = {
			isa = XCBuildConfiguration;
			buildSettings = {
				ASSETCATALOG_COMPILER_APPICON_NAME = AppIcon;
				ASSETCATALOG_COMPILER_GLOBAL_ACCENT_COLOR_NAME = AccentColor;
				CODE_SIGN_STYLE = Automatic;
				CURRENT_PROJECT_VERSION = 1;
				DEVELOPMENT_ASSET_PATHS = "\"notifica/Preview Content\"";
				DEVELOPMENT_TEAM = 73WHW284SL;
				ENABLE_PREVIEWS = YES;
				GENERATE_INFOPLIST_FILE = YES;
				INFOPLIST_KEY_UIApplicationSceneManifest_Generation = YES;
				INFOPLIST_KEY_UIApplicationSupportsIndirectInputEvents = YES;
				INFOPLIST_KEY_UILaunchScreen_Generation = YES;
				INFOPLIST_KEY_UISupportedInterfaceOrientations_iPad = "UIInterfaceOrientationPortrait UIInterfaceOrientationPortraitUpsideDown UIInterfaceOrientationLandscapeLeft UIInterfaceOrientationLandscapeRight";
				INFOPLIST_KEY_UISupportedInterfaceOrientations_iPhone = "UIInterfaceOrientationPortrait UIInterfaceOrientationLandscapeLeft UIInterfaceOrientationLandscapeRight";
				LD_RUNPATH_SEARCH_PATHS = (
					"$(inherited)",
					"@executable_path/Frameworks",
				);
				MARKETING_VERSION = 1.0;
				PRODUCT_BUNDLE_IDENTIFIER = com.diegomontejano.notifica;
				PRODUCT_NAME = "$(TARGET_NAME)";
				SWIFT_EMIT_LOC_STRINGS = YES;
				SWIFT_VERSION = 5.0;
				TARGETED_DEVICE_FAMILY = "1,2";
			};
			name = Release;
		};
/* End XCBuildConfiguration section */

/* Begin XCConfigurationList section */
		79219854282F272A00DEA3D2 /* Build configuration list for PBXProject "notifica" */ = {
			isa = XCConfigurationList;
			buildConfigurations = (
				79219865282F272C00DEA3D2 /* Debug */,
				79219866282F272C00DEA3D2 /* Release */,
			);
			defaultConfigurationIsVisible = 0;
			defaultConfigurationName = Release;
		};
		79219867282F272C00DEA3D2 /* Build configuration list for PBXNativeTarget "notifica" */ = {
			isa = XCConfigurationList;
			buildConfigurations = (
				79219868282F272C00DEA3D2 /* Debug */,
				79219869282F272C00DEA3D2 /* Release */,
			);
			defaultConfigurationIsVisible = 0;
			defaultConfigurationName = Release;
		};
/* End XCConfigurationList section */
	};
	rootObject = 79219851282F272A00DEA3D2 /* Project object */;
}
